
Microsoft Visual Studio Solution File, Format Version 12.00
# Visual Studio Version 17
VisualStudioVersion = 17.0.31919.166
MinimumVisualStudioVersion = 10.0.40219.1
Project("{9A19103F-16F7-4668-BE54-9A1E7A4F7556}") = "ErrorHandlingMiddlewareExample", "ErrorHandlingMiddlewareExample\ErrorHandlingMiddlewareExample.csproj", "{5E1F7A2E-F5EB-4223-AAB5-2E73FA94F762}"
EndProject
Project("{2150E333-8FDC-42A3-9474-1A3956D46DE8}") = "Solution Items", "Solution Items", "{EAAD8989-3AEF-4359-9058-12E41E49D348}"
	ProjectSection(SolutionItems) = preProject
		.gitignore = .gitignore
		README.md = README.md
	EndProjectSection
EndProject
Global
	GlobalSection(SolutionConfigurationPlatforms) = preSolution
		Debug|Any CPU = Debug|Any CPU
		Release|Any CPU = Release|Any CPU
	EndGlobalSection
	GlobalSection(ProjectConfigurationPlatforms) = postSolution
		{5E1F7A2E-F5EB-4223-AAB5-2E73FA94F762}.Debug|Any CPU.ActiveCfg = Debug|Any CPU
		{5E1F7A2E-F5EB-4223-AAB5-2E73FA94F762}.Debug|Any CPU.Build.0 = Debug|Any CPU
		{5E1F7A2E-F5EB-4223-AAB5-2E73FA94F762}.Release|Any CPU.ActiveCfg = Release|Any CPU
		{5E1F7A2E-F5EB-4223-AAB5-2E73FA94F762}.Release|Any CPU.Build.0 = Release|Any CPU
	EndGlobalSection
	GlobalSection(SolutionProperties) = preSolution
		HideSolutionNode = FALSE
	EndGlobalSection
	GlobalSection(ExtensibilityGlobals) = postSolution
		SolutionGuid = {D500F2C3-8E07-46CF-88F8-FB786F4670D5}
	EndGlobalSection
EndGlobal
